
Microsoft Visual Studio Solution File, Format Version 12.00
# Visual Studio Version 16
VisualStudioVersion = 16.0.30711.63
MinimumVisualStudioVersion = 10.0.40219.1
Project("{9A19103F-16F7-4668-BE54-9A1E7A4F7556}") = "MovieDiary", "MovieDiary.csproj", "{82D52CE7-E242-43C9-8460-E7DAA97CFFE0}"
EndProject
Global
	GlobalSection(SolutionConfigurationPlatforms) = preSolution
		Debug|Any CPU = Debug|Any CPU
		Release|Any CPU = Release|Any CPU
	EndGlobalSection
	GlobalSection(ProjectConfigurationPlatforms) = postSolution
		{82D52CE7-E242-43C9-8460-E7DAA97CFFE0}.Debug|Any CPU.ActiveCfg = Debug|Any CPU
		{82D52CE7-E242-43C9-8460-E7DAA97CFFE0}.Debug|Any CPU.Build.0 = Debug|Any CPU
		{82D52CE7-E242-43C9-8460-E7DAA97CFFE0}.Release|Any CPU.ActiveCfg = Release|Any CPU
		{82D52CE7-E242-43C9-8460-E7DAA97CFFE0}.Release|Any CPU.Build.0 = Release|Any CPU
	EndGlobalSection
	GlobalSection(SolutionProperties) = preSolution
		HideSolutionNode = FALSE
	EndGlobalSection
	GlobalSection(ExtensibilityGlobals) = postSolution
		SolutionGuid = {03C3304A-C05D-48A9-BB09-CC3E097F50C4}
	EndGlobalSection
EndGlobal
